packages:
  - name: codegen
    package: dbt-labs/codegen
    version: 0.12.1
  - name: dbt_project_evaluator
    package: dbt-labs/dbt_project_evaluator
    version: 0.14.1
  - name: dbt_snow_mask
    package: entechlog/dbt_snow_mask
    version: 0.2.7
  - name: dbt_utils
    package: dbt-labs/dbt_utils
    version: 1.3.0
sha1_hash: 261f8fc42323367360af127fe067adc0e63694ff
