packages:
  - name: codegen
    package: dbt-labs/codegen
    version: 0.12.1
  - name: dbt_project_evaluator
    package: dbt-labs/dbt_project_evaluator
    version: 0.14.1
  - name: dbt_snow_mask
    package: entechlog/dbt_snow_mask
    version: 0.2.6
  - name: dbt_utils
    package: dbt-labs/dbt_utils
    version: 1.3.1
sha1_hash: e0fd8462814c07b6f81ef65121c32bdede2b4a65
